
Microsoft Visual Studio Solution File, Format Version 12.00
# Visual Studio Version 16
VisualStudioVersion = 16.0.29519.87
MinimumVisualStudioVersion = 10.0.40219.1
Project("{FAE04EC0-301F-11D3-BF4B-00C04F79EFBC}") = "Saltytroubleshooter", "Saltytroubleshooter\Saltytroubleshooter.csproj", "{C159F04B-22A3-4BF9-9D8C-34F1E17E4FA2}"
EndProject
Global
	GlobalSection(SolutionConfigurationPlatforms) = preSolution
		Debug|Any CPU = Debug|Any CPU
		Release|Any CPU = Release|Any CPU
	EndGlobalSection
	GlobalSection(ProjectConfigurationPlatforms) = postSolution
		{C159F04B-22A3-4BF9-9D8C-34F1E17E4FA2}.Debug|Any CPU.ActiveCfg = Debug|Any CPU
		{C159F04B-22A3-4BF9-9D8C-34F1E17E4FA2}.Debug|Any CPU.Build.0 = Debug|Any CPU
		{C159F04B-22A3-4BF9-9D8C-34F1E17E4FA2}.Release|Any CPU.ActiveCfg = Release|Any CPU
		{C159F04B-22A3-4BF9-9D8C-34F1E17E4FA2}.Release|Any CPU.Build.0 = Release|Any CPU
	EndGlobalSection
	GlobalSection(SolutionProperties) = preSolution
		HideSolutionNode = FALSE
	EndGlobalSection
	GlobalSection(ExtensibilityGlobals) = postSolution
		SolutionGuid = {5605B6B6-23BD-4961-A812-97D524C0C8D4}
	EndGlobalSection
EndGlobal
